
Microsoft Visual Studio Solution File, Format Version 12.00
# Visual Studio 15
VisualStudioVersion = 15.0.27428.2002
MinimumVisualStudioVersion = 10.0.40219.1
Project("{FAE04EC0-301F-11D3-BF4B-00C04F79EFBC}") = "Lotto_Number_Generator", "Lotto_Number_Generator\Lotto_Number_Generator.csproj", "{D5B3BBD9-29CA-49D9-9764-ED0B23BEE02F}"
EndProject
Global
	GlobalSection(SolutionConfigurationPlatforms) = preSolution
		Debug|Any CPU = Debug|Any CPU
		Release|Any CPU = Release|Any CPU
	EndGlobalSection
	GlobalSection(ProjectConfigurationPlatforms) = postSolution
		{D5B3BBD9-29CA-49D9-9764-ED0B23BEE02F}.Debug|Any CPU.ActiveCfg = Debug|Any CPU
		{D5B3BBD9-29CA-49D9-9764-ED0B23BEE02F}.Debug|Any CPU.Build.0 = Debug|Any CPU
		{D5B3BBD9-29CA-49D9-9764-ED0B23BEE02F}.Release|Any CPU.ActiveCfg = Release|Any CPU
		{D5B3BBD9-29CA-49D9-9764-ED0B23BEE02F}.Release|Any CPU.Build.0 = Release|Any CPU
	EndGlobalSection
	GlobalSection(SolutionProperties) = preSolution
		HideSolutionNode = FALSE
	EndGlobalSection
	GlobalSection(ExtensibilityGlobals) = postSolution
		SolutionGuid = {B840A9DD-12EF-4D3A-948F-FF041C6A77F6}
	EndGlobalSection
EndGlobal
